
Microsoft Visual Studio Solution File, Format Version 12.00
# Visual Studio Version 16
VisualStudioVersion = 16.0.32602.291
MinimumVisualStudioVersion = 10.0.40219.1
Project("{FAE04EC0-301F-11D3-BF4B-00C04F79EFBC}") = "StringLibrary", "StringLibrary\StringLibrary.csproj", "{4643DF49-ECA8-43DF-B050-ADC3AC5AAA2E}"
EndProject
Project("{FAE04EC0-301F-11D3-BF4B-00C04F79EFBC}") = "ShowCase", "ShowCase\ShowCase.csproj", "{FD45BF71-DD4B-48A1-8035-0B25C394C40C}"
EndProject
Global
	GlobalSection(SolutionConfigurationPlatforms) = preSolution
		Debug|Any CPU = Debug|Any CPU
		Release|Any CPU = Release|Any CPU
	EndGlobalSection
	GlobalSection(ProjectConfigurationPlatforms) = postSolution
		{4643DF49-ECA8-43DF-B050-ADC3AC5AAA2E}.Debug|Any CPU.ActiveCfg = Debug|Any CPU
		{4643DF49-ECA8-43DF-B050-ADC3AC5AAA2E}.Debug|Any CPU.Build.0 = Debug|Any CPU
		{4643DF49-ECA8-43DF-B050-ADC3AC5AAA2E}.Release|Any CPU.ActiveCfg = Release|Any CPU
		{4643DF49-ECA8-43DF-B050-ADC3AC5AAA2E}.Release|Any CPU.Build.0 = Release|Any CPU
		{FD45BF71-DD4B-48A1-8035-0B25C394C40C}.Debug|Any CPU.ActiveCfg = Debug|Any CPU
		{FD45BF71-DD4B-48A1-8035-0B25C394C40C}.Debug|Any CPU.Build.0 = Debug|Any CPU
		{FD45BF71-DD4B-48A1-8035-0B25C394C40C}.Release|Any CPU.ActiveCfg = Release|Any CPU
		{FD45BF71-DD4B-48A1-8035-0B25C394C40C}.Release|Any CPU.Build.0 = Release|Any CPU
	EndGlobalSection
	GlobalSection(SolutionProperties) = preSolution
		HideSolutionNode = FALSE
	EndGlobalSection
	GlobalSection(ExtensibilityGlobals) = postSolution
		SolutionGuid = {E6DFBF43-D2BD-43F8-91A4-8AC402397E4A}
	EndGlobalSection
EndGlobal
